
Microsoft Visual Studio Solution File, Format Version 12.00
# Visual Studio Version 17
VisualStudioVersion = 17.2.32630.192
MinimumVisualStudioVersion = 10.0.40219.1
Project("{FAE04EC0-301F-11D3-BF4B-00C04F79EFBC}") = "NotHesaplama", "NotHesaplama\NotHesaplama.csproj", "{B9A20528-FB3D-4EE0-827B-485E6EC0EDC3}"
EndProject
Global
	GlobalSection(SolutionConfigurationPlatforms) = preSolution
		Debug|Any CPU = Debug|Any CPU
		Release|Any CPU = Release|Any CPU
	EndGlobalSection
	GlobalSection(ProjectConfigurationPlatforms) = postSolution
		{B9A20528-FB3D-4EE0-827B-485E6EC0EDC3}.Debug|Any CPU.ActiveCfg = Debug|Any CPU
		{B9A20528-FB3D-4EE0-827B-485E6EC0EDC3}.Debug|Any CPU.Build.0 = Debug|Any CPU
		{B9A20528-FB3D-4EE0-827B-485E6EC0EDC3}.Release|Any CPU.ActiveCfg = Release|Any CPU
		{B9A20528-FB3D-4EE0-827B-485E6EC0EDC3}.Release|Any CPU.Build.0 = Release|Any CPU
	EndGlobalSection
	GlobalSection(SolutionProperties) = preSolution
		HideSolutionNode = FALSE
	EndGlobalSection
	GlobalSection(ExtensibilityGlobals) = postSolution
		SolutionGuid = {13177E5B-FA6E-4A9C-AE26-7AD20E8103DD}
	EndGlobalSection
EndGlobal
